
Microsoft Visual Studio Solution File, Format Version 12.00
# Visual Studio Version 17
VisualStudioVersion = 17.1.32228.430
MinimumVisualStudioVersion = 10.0.40219.1
Project("{F184B08F-C81C-45F6-A57F-5ABD9991F28F}") = "Sales Company  System v2.0", "Sales Company System v2.0\Sales Company  System v2.0.vbproj", "{0E217E6F-4218-4099-8F9D-1F8E5469A47C}"
EndProject
Global
	GlobalSection(SolutionConfigurationPlatforms) = preSolution
		Debug|Any CPU = Debug|Any CPU
		Release|Any CPU = Release|Any CPU
	EndGlobalSection
	GlobalSection(ProjectConfigurationPlatforms) = postSolution
		{0E217E6F-4218-4099-8F9D-1F8E5469A47C}.Debug|Any CPU.ActiveCfg = Debug|Any CPU
		{0E217E6F-4218-4099-8F9D-1F8E5469A47C}.Debug|Any CPU.Build.0 = Debug|Any CPU
		{0E217E6F-4218-4099-8F9D-1F8E5469A47C}.Release|Any CPU.ActiveCfg = Release|Any CPU
		{0E217E6F-4218-4099-8F9D-1F8E5469A47C}.Release|Any CPU.Build.0 = Release|Any CPU
	EndGlobalSection
	GlobalSection(SolutionProperties) = preSolution
		HideSolutionNode = FALSE
	EndGlobalSection
	GlobalSection(ExtensibilityGlobals) = postSolution
		SolutionGuid = {C660D7E7-7A27-462D-A9E9-1CEC38E20B3F}
	EndGlobalSection
EndGlobal
